
Microsoft Visual Studio Solution File, Format Version 12.00
# Visual Studio Version 17
VisualStudioVersion = 17.5.002.0
MinimumVisualStudioVersion = 10.0.40219.1
Project("{9A19103F-16F7-4668-BE54-9A1E7A4F7556}") = "dotnet-primer", "dotnet-primer.csproj", "{4C65DB3C-DE50-4ECB-8EC7-D65E458C9581}"
EndProject
Global
	GlobalSection(SolutionConfigurationPlatforms) = preSolution
		Debug|Any CPU = Debug|Any CPU
		Release|Any CPU = Release|Any CPU
	EndGlobalSection
	GlobalSection(ProjectConfigurationPlatforms) = postSolution
		{4C65DB3C-DE50-4ECB-8EC7-D65E458C9581}.Debug|Any CPU.ActiveCfg = Debug|Any CPU
		{4C65DB3C-DE50-4ECB-8EC7-D65E458C9581}.Debug|Any CPU.Build.0 = Debug|Any CPU
		{4C65DB3C-DE50-4ECB-8EC7-D65E458C9581}.Release|Any CPU.ActiveCfg = Release|Any CPU
		{4C65DB3C-DE50-4ECB-8EC7-D65E458C9581}.Release|Any CPU.Build.0 = Release|Any CPU
	EndGlobalSection
	GlobalSection(SolutionProperties) = preSolution
		HideSolutionNode = FALSE
	EndGlobalSection
	GlobalSection(ExtensibilityGlobals) = postSolution
		SolutionGuid = {10F236C4-FE33-4788-BCF2-F1A0747B6271}
	EndGlobalSection
EndGlobal
